
Microsoft Visual Studio Solution File, Format Version 12.00
# Visual Studio Version 17
VisualStudioVersion = 17.5.002.0
MinimumVisualStudioVersion = 10.0.40219.1
Project("{9A19103F-16F7-4668-BE54-9A1E7A4F7556}") = "DesafioProjetoHospedagem", "DesafioProjetoHospedagem.csproj", "{6C1DA3C6-5E94-4721-A212-5DAA1D5FD6DC}"
EndProject
Global
	GlobalSection(SolutionConfigurationPlatforms) = preSolution
		Debug|Any CPU = Debug|Any CPU
		Release|Any CPU = Release|Any CPU
	EndGlobalSection
	GlobalSection(ProjectConfigurationPlatforms) = postSolution
		{6C1DA3C6-5E94-4721-A212-5DAA1D5FD6DC}.Debug|Any CPU.ActiveCfg = Debug|Any CPU
		{6C1DA3C6-5E94-4721-A212-5DAA1D5FD6DC}.Debug|Any CPU.Build.0 = Debug|Any CPU
		{6C1DA3C6-5E94-4721-A212-5DAA1D5FD6DC}.Release|Any CPU.ActiveCfg = Release|Any CPU
		{6C1DA3C6-5E94-4721-A212-5DAA1D5FD6DC}.Release|Any CPU.Build.0 = Release|Any CPU
	EndGlobalSection
	GlobalSection(SolutionProperties) = preSolution
		HideSolutionNode = FALSE
	EndGlobalSection
	GlobalSection(ExtensibilityGlobals) = postSolution
		SolutionGuid = {3B14B2A1-731A-4E2F-B075-25DD2C748A30}
	EndGlobalSection
EndGlobal
